
Microsoft Visual Studio Solution File, Format Version 12.00
# Visual Studio Version 17
VisualStudioVersion = 17.14.36203.30 d17.14
MinimumVisualStudioVersion = 10.0.40219.1
Project("{FAE04EC0-301F-11D3-BF4B-00C04F79EFBC}") = "BPM-Codebase", "BPM-Codebase\BPM-Codebase.csproj", "{2DE5558A-DE3B-48E6-B987-670DEEA77662}"
EndProject
Global
	GlobalSection(SolutionConfigurationPlatforms) = preSolution
		Debug|Any CPU = Debug|Any CPU
		Release|Any CPU = Release|Any CPU
	EndGlobalSection
	GlobalSection(ProjectConfigurationPlatforms) = postSolution
		{2DE5558A-DE3B-48E6-B987-670DEEA77662}.Debug|Any CPU.ActiveCfg = Debug|Any CPU
		{2DE5558A-DE3B-48E6-B987-670DEEA77662}.Debug|Any CPU.Build.0 = Debug|Any CPU
		{2DE5558A-DE3B-48E6-B987-670DEEA77662}.Release|Any CPU.ActiveCfg = Release|Any CPU
		{2DE5558A-DE3B-48E6-B987-670DEEA77662}.Release|Any CPU.Build.0 = Release|Any CPU
	EndGlobalSection
	GlobalSection(SolutionProperties) = preSolution
		HideSolutionNode = FALSE
	EndGlobalSection
	GlobalSection(ExtensibilityGlobals) = postSolution
		SolutionGuid = {6D8565E2-C4B5-403D-86E1-DBF03A803035}
	EndGlobalSection
EndGlobal
